<?xml version="1.0" encoding="utf-8"?>
<Project ToolsVersion="4.0" xmlns="http://schemas.microsoft.com/developer/msbuild/2003">
  <ItemGroup>
    <ClCompile Include="src\entry.cpp" />
    <ClCompile Include="src\memory\memory_system.cpp">
      <Filter>memory</Filter>
    </ClCompile>
    <ClCompile Include="src\cartridge\cartridge.cpp">
      <Filter>cartridge</Filter>
    </ClCompile>
    <ClCompile Include="src\cartridge\cartridge_utils.cpp">
      <Filter>cartridge</Filter>
    </ClCompile>
    <ClCompile Include="src\memory\mbc_none.cpp">
      <Filter>memory</Filter>
    </ClCompile>
    <ClCompile Include="src\cpu\cpu.cpp">
      <Filter>cpu</Filter>
    </ClCompile>
    <ClCompile Include="src\cpu\cpu_instruction_set.cpp">
      <Filter>cpu</Filter>
    </ClCompile>
    <ClCompile Include="src\gbmo.cpp" />
    <ClCompile Include="src\joypad\joypad.cpp">
      <Filter>joypad</Filter>
    </ClCompile>
  </ItemGroup>
  <ItemGroup>
    <Filter Include="memory">
      <UniqueIdentifier>{955214b0-0fa0-4c5e-bfb8-3d166a735fd8}</UniqueIdentifier>
    </Filter>
    <Filter Include="utils">
      <UniqueIdentifier>{19fc4045-34d9-4e91-9ca5-ee3e94aa8592}</UniqueIdentifier>
    </Filter>
    <Filter Include="cartridge">
      <UniqueIdentifier>{80540058-3206-4576-96cc-6b0cdac8885a}</UniqueIdentifier>
    </Filter>
    <Filter Include="cpu">
      <UniqueIdentifier>{257f3193-41ec-4524-81ed-ecb85301eabf}</UniqueIdentifier>
    </Filter>
    <Filter Include="sound">
      <UniqueIdentifier>{4663059a-6a0e-4364-b089-c6a8fd3de40d}</UniqueIdentifier>
    </Filter>
    <Filter Include="joypad">
      <UniqueIdentifier>{f84941da-2f24-4788-a6ef-e109db6ada33}</UniqueIdentifier>
    </Filter>
    <Filter Include="display">
      <UniqueIdentifier>{3bcc8206-e629-4cac-8d47-56dbdf7873dd}</UniqueIdentifier>
    </Filter>
  </ItemGroup>
  <ItemGroup>
    <ClInclude Include="src\memory\memory_system.h">
      <Filter>memory</Filter>
    </ClInclude>
    <ClInclude Include="src\utils\types.h">
      <Filter>utils</Filter>
    </ClInclude>
    <ClInclude Include="src\cartridge\cartridge.h">
      <Filter>cartridge</Filter>
    </ClInclude>
    <ClInclude Include="src\utils\utils.h">
      <Filter>utils</Filter>
    </ClInclude>
    <ClInclude Include="src\cartridge\catridge_utils.h">
      <Filter>cartridge</Filter>
    </ClInclude>
    <ClInclude Include="src\memory\mbc_none.h">
      <Filter>memory</Filter>
    </ClInclude>
    <ClInclude Include="src\memory\mbc.h">
      <Filter>memory</Filter>
    </ClInclude>
    <ClInclude Include="src\gbmo.h" />
    <ClInclude Include="src\cpu\cpu.h">
      <Filter>cpu</Filter>
    </ClInclude>
    <ClInclude Include="src\options.h" />
    <ClInclude Include="src\joypad\joypad.h">
      <Filter>joypad</Filter>
    </ClInclude>
    <ClInclude Include="src\utils\assert.h">
      <Filter>utils</Filter>
    </ClInclude>
  </ItemGroup>
</Project>